
Microsoft Visual Studio Solution File, Format Version 12.00
# Visual Studio Version 17
VisualStudioVersion = 17.14.36804.6
MinimumVisualStudioVersion = 10.0.40219.1
Project("{FAE04EC0-301F-11D3-BF4B-00C04F79EFBC}") = "TiendaVirtualReyes", "TiendaVirtualReyes.csproj", "{9FF3368C-3071-4ED2-B4FC-9182A87104EF}"
EndProject
Global
	GlobalSection(SolutionConfigurationPlatforms) = preSolution
		Debug|Any CPU = Debug|Any CPU
		Release|Any CPU = Release|Any CPU
	EndGlobalSection
	GlobalSection(ProjectConfigurationPlatforms) = postSolution
		{9FF3368C-3071-4ED2-B4FC-9182A87104EF}.Debug|Any CPU.ActiveCfg = Debug|Any CPU
		{9FF3368C-3071-4ED2-B4FC-9182A87104EF}.Debug|Any CPU.Build.0 = Debug|Any CPU
		{9FF3368C-3071-4ED2-B4FC-9182A87104EF}.Release|Any CPU.ActiveCfg = Release|Any CPU
		{9FF3368C-3071-4ED2-B4FC-9182A87104EF}.Release|Any CPU.Build.0 = Release|Any CPU
	EndGlobalSection
	GlobalSection(SolutionProperties) = preSolution
		HideSolutionNode = FALSE
	EndGlobalSection
	GlobalSection(ExtensibilityGlobals) = postSolution
		SolutionGuid = {325DDE00-EB6B-4F6A-B48E-7ADD7CBBEB23}
	EndGlobalSection
EndGlobal
